
Microsoft Visual Studio Solution File, Format Version 12.00
# Visual Studio Version 16
VisualStudioVersion = 16.0.28803.352
MinimumVisualStudioVersion = 10.0.40219.1
Project("{9A19103F-16F7-4668-BE54-9A1E7A4F7556}") = "WebAPI", "WebAPI\WebAPI.csproj", "{F8349C49-7F51-4321-926D-5BCF22E6FAD6}"
EndProject
Project("{9A19103F-16F7-4668-BE54-9A1E7A4F7556}") = "Models", "Models\Models.csproj", "{3773212B-03AE-45D6-A6E4-F42208E910E9}"
EndProject
Project("{9A19103F-16F7-4668-BE54-9A1E7A4F7556}") = "Data", "Data\Data.csproj", "{8F9EE4D7-D755-4834-9D50-2AF5541B8614}"
EndProject
Project("{9A19103F-16F7-4668-BE54-9A1E7A4F7556}") = "Services", "Services\Services.csproj", "{662A22FA-4687-490B-8683-E0D5340C1A28}"
EndProject
Project("{9A19103F-16F7-4668-BE54-9A1E7A4F7556}") = "ViewModels", "ViewModels\ViewModels.csproj", "{BCFEAA18-82D5-4599-A780-BB9D928F9BF5}"
EndProject
Project("{9A19103F-16F7-4668-BE54-9A1E7A4F7556}") = "Services.Test", "Services.Test\Services.Test.csproj", "{1138E57B-998D-4D5C-A609-45754A42CA60}"
EndProject
Project("{FAE04EC0-301F-11D3-BF4B-00C04F79EFBC}") = "Models.Test", "Models.Test\Models.Test.csproj", "{70E90673-5B29-4363-8374-EA5910FF78F5}"
EndProject
Global
	GlobalSection(SolutionConfigurationPlatforms) = preSolution
		Debug|Any CPU = Debug|Any CPU
		Release|Any CPU = Release|Any CPU
	EndGlobalSection
	GlobalSection(ProjectConfigurationPlatforms) = postSolution
		{F8349C49-7F51-4321-926D-5BCF22E6FAD6}.Debug|Any CPU.ActiveCfg = Debug|Any CPU
		{F8349C49-7F51-4321-926D-5BCF22E6FAD6}.Debug|Any CPU.Build.0 = Debug|Any CPU
		{F8349C49-7F51-4321-926D-5BCF22E6FAD6}.Release|Any CPU.ActiveCfg = Release|Any CPU
		{F8349C49-7F51-4321-926D-5BCF22E6FAD6}.Release|Any CPU.Build.0 = Release|Any CPU
		{3773212B-03AE-45D6-A6E4-F42208E910E9}.Debug|Any CPU.ActiveCfg = Debug|Any CPU
		{3773212B-03AE-45D6-A6E4-F42208E910E9}.Debug|Any CPU.Build.0 = Debug|Any CPU
		{3773212B-03AE-45D6-A6E4-F42208E910E9}.Release|Any CPU.ActiveCfg = Release|Any CPU
		{3773212B-03AE-45D6-A6E4-F42208E910E9}.Release|Any CPU.Build.0 = Release|Any CPU
		{8F9EE4D7-D755-4834-9D50-2AF5541B8614}.Debug|Any CPU.ActiveCfg = Debug|Any CPU
		{8F9EE4D7-D755-4834-9D50-2AF5541B8614}.Debug|Any CPU.Build.0 = Debug|Any CPU
		{8F9EE4D7-D755-4834-9D50-2AF5541B8614}.Release|Any CPU.ActiveCfg = Release|Any CPU
		{8F9EE4D7-D755-4834-9D50-2AF5541B8614}.Release|Any CPU.Build.0 = Release|Any CPU
		{662A22FA-4687-490B-8683-E0D5340C1A28}.Debug|Any CPU.ActiveCfg = Debug|Any CPU
		{662A22FA-4687-490B-8683-E0D5340C1A28}.Debug|Any CPU.Build.0 = Debug|Any CPU
		{662A22FA-4687-490B-8683-E0D5340C1A28}.Release|Any CPU.ActiveCfg = Release|Any CPU
		{662A22FA-4687-490B-8683-E0D5340C1A28}.Release|Any CPU.Build.0 = Release|Any CPU
		{BCFEAA18-82D5-4599-A780-BB9D928F9BF5}.Debug|Any CPU.ActiveCfg = Debug|Any CPU
		{BCFEAA18-82D5-4599-A780-BB9D928F9BF5}.Debug|Any CPU.Build.0 = Debug|Any CPU
		{BCFEAA18-82D5-4599-A780-BB9D928F9BF5}.Release|Any CPU.ActiveCfg = Release|Any CPU
		{BCFEAA18-82D5-4599-A780-BB9D928F9BF5}.Release|Any CPU.Build.0 = Release|Any CPU
		{1138E57B-998D-4D5C-A609-45754A42CA60}.Debug|Any CPU.ActiveCfg = Debug|Any CPU
		{1138E57B-998D-4D5C-A609-45754A42CA60}.Debug|Any CPU.Build.0 = Debug|Any CPU
		{1138E57B-998D-4D5C-A609-45754A42CA60}.Release|Any CPU.ActiveCfg = Release|Any CPU
		{1138E57B-998D-4D5C-A609-45754A42CA60}.Release|Any CPU.Build.0 = Release|Any CPU
		{70E90673-5B29-4363-8374-EA5910FF78F5}.Debug|Any CPU.ActiveCfg = Debug|Any CPU
		{70E90673-5B29-4363-8374-EA5910FF78F5}.Debug|Any CPU.Build.0 = Debug|Any CPU
		{70E90673-5B29-4363-8374-EA5910FF78F5}.Release|Any CPU.ActiveCfg = Release|Any CPU
		{70E90673-5B29-4363-8374-EA5910FF78F5}.Release|Any CPU.Build.0 = Release|Any CPU
	EndGlobalSection
	GlobalSection(SolutionProperties) = preSolution
		HideSolutionNode = FALSE
	EndGlobalSection
	GlobalSection(ExtensibilityGlobals) = postSolution
		SolutionGuid = {96D7E006-90DA-449D-81FD-527531073841}
	EndGlobalSection
EndGlobal
